
Microsoft Visual Studio Solution File, Format Version 12.00
# Visual Studio Version 17
VisualStudioVersion = 17.5.33530.505
MinimumVisualStudioVersion = 10.0.40219.1
Project("{9A19103F-16F7-4668-BE54-9A1E7A4F7556}") = "GrpProject", "GrpProject\GrpProject.csproj", "{D87FA9D4-AA28-4373-85F0-C2D1B4DFB369}"
EndProject
Project("{FAE04EC0-301F-11D3-BF4B-00C04F79EFBC}") = "GrpProject.Tests", "GrpProject.Tests\GrpProject.Tests.csproj", "{4180B4EA-12F7-4221-814D-699E4E04E9E9}"
EndProject
Global
	GlobalSection(SolutionConfigurationPlatforms) = preSolution
		Debug|Any CPU = Debug|Any CPU
		Release|Any CPU = Release|Any CPU
	EndGlobalSection
	GlobalSection(ProjectConfigurationPlatforms) = postSolution
		{D87FA9D4-AA28-4373-85F0-C2D1B4DFB369}.Debug|Any CPU.ActiveCfg = Debug|Any CPU
		{D87FA9D4-AA28-4373-85F0-C2D1B4DFB369}.Debug|Any CPU.Build.0 = Debug|Any CPU
		{D87FA9D4-AA28-4373-85F0-C2D1B4DFB369}.Release|Any CPU.ActiveCfg = Release|Any CPU
		{D87FA9D4-AA28-4373-85F0-C2D1B4DFB369}.Release|Any CPU.Build.0 = Release|Any CPU
		{4180B4EA-12F7-4221-814D-699E4E04E9E9}.Debug|Any CPU.ActiveCfg = Debug|Any CPU
		{4180B4EA-12F7-4221-814D-699E4E04E9E9}.Debug|Any CPU.Build.0 = Debug|Any CPU
		{4180B4EA-12F7-4221-814D-699E4E04E9E9}.Release|Any CPU.ActiveCfg = Release|Any CPU
		{4180B4EA-12F7-4221-814D-699E4E04E9E9}.Release|Any CPU.Build.0 = Release|Any CPU
	EndGlobalSection
	GlobalSection(SolutionProperties) = preSolution
		HideSolutionNode = FALSE
	EndGlobalSection
	GlobalSection(ExtensibilityGlobals) = postSolution
		SolutionGuid = {BE5BA708-972B-4FC1-A727-D1B9EB26262B}
	EndGlobalSection
EndGlobal
